Microsoft Visual Studio Solution File, Format Version 11.00
# Visual Studio 2008

Project("{04243E91-9B62-FE0D-0C3A-F5F95032B75E}") = "TurtleTank", "Assembly-CSharp-vs.csproj", "{5BB85142-0FE0-5F26-78A8-EB407BE00100}"
EndProject
Global
	GlobalSection(SolutionConfigurationPlatforms) = preSolution
		Debug|Any CPU = Debug|Any CPU
		Release|Any CPU = Release|Any CPU
	EndGlobalSection
	GlobalSection(ProjectConfigurationPlatforms) = postSolution
		{5BB85142-0FE0-5F26-78A8-EB407BE00100}.Debug|Any CPU.ActiveCfg = Debug|Any CPU
		{5BB85142-0FE0-5F26-78A8-EB407BE00100}.Debug|Any CPU.Build.0 = Debug|Any CPU
		{5BB85142-0FE0-5F26-78A8-EB407BE00100}.Release|Any CPU.ActiveCfg = Release|Any CPU
		{5BB85142-0FE0-5F26-78A8-EB407BE00100}.Release|Any CPU.Build.0 = Release|Any CPU
	EndGlobalSection
	GlobalSection(SolutionProperties) = preSolution
		HideSolutionNode = FALSE
	EndGlobalSection
																																						GlobalSection(MonoDevelopProperties) = preSolution
=======
																								GlobalSection(MonoDevelopProperties) = preSolution
=======
																															GlobalSection(MonoDevelopProperties) = preSolution
>>>>>>> f9042e66ae4df35b1cdad66fb03fcb768d8b4371
>>>>>>> 6bab7508897af8f4bbbb1701f384e2ab9892463d
		StartupItem = Assembly-CSharp.csproj
		Policies = $0
		$0.TextStylePolicy = $1
		$1.inheritsSet = null
		$1.scope = text/x-csharp
		$0.CSharpFormattingPolicy = $2
		$2.inheritsSet = Mono
		$2.inheritsScope = text/x-csharp
		$2.scope = text/x-csharp
		$0.TextStylePolicy = $3
		$3.FileWidth = 120
		$3.TabsToSpaces = False
		$3.EolMarker = Unix
		$3.inheritsSet = VisualStudio
		$3.inheritsScope = text/plain
		$3.scope = text/plain
	EndGlobalSection

EndGlobal
